
Microsoft Visual Studio Solution File, Format Version 12.00
# Visual Studio Version 17
VisualStudioVersion = 17.12.35506.116
MinimumVisualStudioVersion = 10.0.40219.1
Project("{FAE04EC0-301F-11D3-BF4B-00C04F79EFBC}") = "APIGateway", "APIGateway.csproj", "{DE2DB7CB-2586-44DE-A5D6-1AD469033B24}"
EndProject
Project("{FAE04EC0-301F-11D3-BF4B-00C04F79EFBC}") = "ImportFunctions", "..\ImportFunctions\ImportFunctions.csproj", "{94DAB7E4-50FC-42F9-93E5-81F5B978B8A0}"
EndProject
Project("{FAE04EC0-301F-11D3-BF4B-00C04F79EFBC}") = "Core", "..\Core\Core.csproj", "{EE552B0C-9E28-44DC-BF30-11B5815E829F}"
EndProject
Project("{FAE04EC0-301F-11D3-BF4B-00C04F79EFBC}") = "Repository", "..\Repository\Repository.csproj", "{BD4954D1-EED9-45BA-9464-2846CAE358BC}"
EndProject
Project("{FAE04EC0-301F-11D3-BF4B-00C04F79EFBC}") = "ProductMicroService", "..\ProductMicroService\ProductMicroService.csproj", "{6E6C2D65-3FE8-4EE1-BC3C-992289586FAB}"
EndProject
Global
	GlobalSection(SolutionConfigurationPlatforms) = preSolution
		Debug|Any CPU = Debug|Any CPU
		Release|Any CPU = Release|Any CPU
	EndGlobalSection
	GlobalSection(ProjectConfigurationPlatforms) = postSolution
		{DE2DB7CB-2586-44DE-A5D6-1AD469033B24}.Debug|Any CPU.ActiveCfg = Debug|Any CPU
		{DE2DB7CB-2586-44DE-A5D6-1AD469033B24}.Debug|Any CPU.Build.0 = Debug|Any CPU
		{DE2DB7CB-2586-44DE-A5D6-1AD469033B24}.Release|Any CPU.ActiveCfg = Release|Any CPU
		{DE2DB7CB-2586-44DE-A5D6-1AD469033B24}.Release|Any CPU.Build.0 = Release|Any CPU
		{94DAB7E4-50FC-42F9-93E5-81F5B978B8A0}.Debug|Any CPU.ActiveCfg = Debug|Any CPU
		{94DAB7E4-50FC-42F9-93E5-81F5B978B8A0}.Debug|Any CPU.Build.0 = Debug|Any CPU
		{94DAB7E4-50FC-42F9-93E5-81F5B978B8A0}.Release|Any CPU.ActiveCfg = Release|Any CPU
		{94DAB7E4-50FC-42F9-93E5-81F5B978B8A0}.Release|Any CPU.Build.0 = Release|Any CPU
		{EE552B0C-9E28-44DC-BF30-11B5815E829F}.Debug|Any CPU.ActiveCfg = Debug|Any CPU
		{EE552B0C-9E28-44DC-BF30-11B5815E829F}.Debug|Any CPU.Build.0 = Debug|Any CPU
		{EE552B0C-9E28-44DC-BF30-11B5815E829F}.Release|Any CPU.ActiveCfg = Release|Any CPU
		{EE552B0C-9E28-44DC-BF30-11B5815E829F}.Release|Any CPU.Build.0 = Release|Any CPU
		{BD4954D1-EED9-45BA-9464-2846CAE358BC}.Debug|Any CPU.ActiveCfg = Debug|Any CPU
		{BD4954D1-EED9-45BA-9464-2846CAE358BC}.Debug|Any CPU.Build.0 = Debug|Any CPU
		{BD4954D1-EED9-45BA-9464-2846CAE358BC}.Release|Any CPU.ActiveCfg = Release|Any CPU
		{BD4954D1-EED9-45BA-9464-2846CAE358BC}.Release|Any CPU.Build.0 = Release|Any CPU
		{6E6C2D65-3FE8-4EE1-BC3C-992289586FAB}.Debug|Any CPU.ActiveCfg = Debug|Any CPU
		{6E6C2D65-3FE8-4EE1-BC3C-992289586FAB}.Debug|Any CPU.Build.0 = Debug|Any CPU
		{6E6C2D65-3FE8-4EE1-BC3C-992289586FAB}.Release|Any CPU.ActiveCfg = Release|Any CPU
		{6E6C2D65-3FE8-4EE1-BC3C-992289586FAB}.Release|Any CPU.Build.0 = Release|Any CPU
	EndGlobalSection
	GlobalSection(SolutionProperties) = preSolution
		HideSolutionNode = FALSE
	EndGlobalSection
EndGlobal
